
Microsoft Visual Studio Solution File, Format Version 12.00
# Visual Studio Version 17
VisualStudioVersion = 17.5.002.0
MinimumVisualStudioVersion = 10.0.40219.1
Project("{9A19103F-16F7-4668-BE54-9A1E7A4F7556}") = "TabloidMVC", "TabloidMVC.csproj", "{DFDA8DB0-93CC-45AC-9878-774EBE108193}"
EndProject
Global
	GlobalSection(SolutionConfigurationPlatforms) = preSolution
		Debug|Any CPU = Debug|Any CPU
		Release|Any CPU = Release|Any CPU
	EndGlobalSection
	GlobalSection(ProjectConfigurationPlatforms) = postSolution
		{DFDA8DB0-93CC-45AC-9878-774EBE108193}.Debug|Any CPU.ActiveCfg = Debug|Any CPU
		{DFDA8DB0-93CC-45AC-9878-774EBE108193}.Debug|Any CPU.Build.0 = Debug|Any CPU
		{DFDA8DB0-93CC-45AC-9878-774EBE108193}.Release|Any CPU.ActiveCfg = Release|Any CPU
		{DFDA8DB0-93CC-45AC-9878-774EBE108193}.Release|Any CPU.Build.0 = Release|Any CPU
	EndGlobalSection
	GlobalSection(SolutionProperties) = preSolution
		HideSolutionNode = FALSE
	EndGlobalSection
	GlobalSection(ExtensibilityGlobals) = postSolution
		SolutionGuid = {5DEE2CA8-379D-4953-B948-470E19F3C89C}
	EndGlobalSection
EndGlobal
